
Microsoft Visual Studio Solution File, Format Version 12.00
# Visual Studio 15
VisualStudioVersion = 15.0.26430.12
MinimumVisualStudioVersion = 10.0.40219.1
Project("{FAE04EC0-301F-11D3-BF4B-00C04F79EFBC}") = "OpenB.DSL.Core", "OpenB.DSL.Core\OpenB.DSL.Core.csproj", "{AB8FAD65-0ACB-423F-96CD-6E5D5DF7B45B}"
EndProject
Project("{FAE04EC0-301F-11D3-BF4B-00C04F79EFBC}") = "OpenB.DSL.Core.Test", "OpenB.DSL.Core.Test\OpenB.DSL.Core.Test.csproj", "{13DCB98F-F3FF-4767-8925-81A3E1894638}"
EndProject
Global
	GlobalSection(SolutionConfigurationPlatforms) = preSolution
		Debug|Any CPU = Debug|Any CPU
		Release|Any CPU = Release|Any CPU
	EndGlobalSection
	GlobalSection(ProjectConfigurationPlatforms) = postSolution
		{AB8FAD65-0ACB-423F-96CD-6E5D5DF7B45B}.Debug|Any CPU.ActiveCfg = Debug|Any CPU
		{AB8FAD65-0ACB-423F-96CD-6E5D5DF7B45B}.Debug|Any CPU.Build.0 = Debug|Any CPU
		{AB8FAD65-0ACB-423F-96CD-6E5D5DF7B45B}.Release|Any CPU.ActiveCfg = Release|Any CPU
		{AB8FAD65-0ACB-423F-96CD-6E5D5DF7B45B}.Release|Any CPU.Build.0 = Release|Any CPU
		{13DCB98F-F3FF-4767-8925-81A3E1894638}.Debug|Any CPU.ActiveCfg = Debug|Any CPU
		{13DCB98F-F3FF-4767-8925-81A3E1894638}.Debug|Any CPU.Build.0 = Debug|Any CPU
		{13DCB98F-F3FF-4767-8925-81A3E1894638}.Release|Any CPU.ActiveCfg = Release|Any CPU
		{13DCB98F-F3FF-4767-8925-81A3E1894638}.Release|Any CPU.Build.0 = Release|Any CPU
	EndGlobalSection
	GlobalSection(SolutionProperties) = preSolution
		HideSolutionNode = FALSE
	EndGlobalSection
EndGlobal
